// !$*UTF8*$!
{
	archiveVersion = 1;
	classes = {
	};
	objectVersion = 70;
	objects = {

/* Begin PBXBuildFile section */
		EE57EDB82C9A617300454F00 /* ExtensionDelegate.swift in Sources */ = {isa = PBXBuildFile; fileRef = EE57EDB72C9A616C00454F00 /* ExtensionDelegate.swift */; };
		EE63D9D62C94E3D10046DECE /* WatchTimeular Watch App.app in Embed Watch Content */ = {isa = PBXBuildFile; fileRef = EE63D9D52C94E3D10046DECE /* WatchTimeular Watch App.app */; settings = {ATTRIBUTES = (RemoveHeadersOnCopy, ); }; };
		EE63D9DB2C94E3D10046DECE /* WatchTimeularApp.swift in Sources */ = {isa = PBXBuildFile; fileRef = EE63D9DA2C94E3D10046DECE /* WatchTimeularApp.swift */; };
		EE63D9DD2C94E3D10046DECE /* ContentView.swift in Sources */ = {isa = PBXBuildFile; fileRef = EE63D9DC2C94E3D10046DECE /* ContentView.swift */; };
		EE63D9DF2C94E3D30046DECE /* Assets.xcassets in Resources */ = {isa = PBXBuildFile; fileRef = EE63D9DE2C94E3D30046DECE /* Assets.xcassets */; };
		EE63D9E22C94E3D30046DECE /* Preview Assets.xcassets in Resources */ = {isa = PBXBuildFile; fileRef = EE63D9E12C94E3D30046DECE /* Preview Assets.xcassets */; };
		EE63D9ED2C9731490046DECE /* AuthViewModel.swift in Sources */ = {isa = PBXBuildFile; fileRef = EE63D9EC2C9731490046DECE /* AuthViewModel.swift */; };
		EE63D9EF2C97BA240046DECE /* ActivityViewModel.swift in Sources */ = {isa = PBXBuildFile; fileRef = EE63D9EE2C97BA240046DECE /* ActivityViewModel.swift */; };
		EE63D9F12C97D6220046DECE /* TimeEntryViewModel.swift in Sources */ = {isa = PBXBuildFile; fileRef = EE63D9F02C97D6220046DECE /* TimeEntryViewModel.swift */; };
		EE6712622CA269780007CE0D /* SharedDataModel.framework in Frameworks */ = {isa = PBXBuildFile; fileRef = EE6712582CA269770007CE0D /* SharedDataModel.framework */; };
		EE67126D2CA269780007CE0D /* SharedDataModel.framework in Frameworks */ = {isa = PBXBuildFile; fileRef = EE6712582CA269770007CE0D /* SharedDataModel.framework */; };
		EE67126E2CA269780007CE0D /* SharedDataModel.framework in Embed Frameworks */ = {isa = PBXBuildFile; fileRef = EE6712582CA269770007CE0D /* SharedDataModel.framework */; settings = {ATTRIBUTES = (CodeSignOnCopy, RemoveHeadersOnCopy, ); }; };
		EE67127E2CA2F7FB0007CE0D /* TimeTrackedManager.swift in Sources */ = {isa = PBXBuildFile; fileRef = EE67127D2CA2F7F70007CE0D /* TimeTrackedManager.swift */; };
		EEE055352CA21B490037410E /* WatchComplicationExtensionExtension.appex in Embed Foundation Extensions */ = {isa = PBXBuildFile; fileRef = EEE0552A2CA21B470037410E /* WatchComplicationExtensionExtension.appex */; settings = {ATTRIBUTES = (RemoveHeadersOnCopy, ); }; };
		EEE0553B2CA22FF20037410E /* SwiftUI.framework in Frameworks */ = {isa = PBXBuildFile; fileRef = EEE055162CA1D7ED0037410E /* SwiftUI.framework */; };
		EEE0553E2CA22FF30037410E /* WidgetKit.framework in Frameworks */ = {isa = PBXBuildFile; fileRef = EEE055142CA1D7ED0037410E /* WidgetKit.framework */; };
		EEE055402CA231030037410E /* WatchComplicationExtensionExtension.appex in Embed Foundation Extensions */ = {isa = PBXBuildFile; fileRef = EEE0552A2CA21B470037410E /* WatchComplicationExtensionExtension.appex */; settings = {ATTRIBUTES = (RemoveHeadersOnCopy, ); }; };
/* End PBXBuildFile section */

/* Begin PBXContainerItemProxy section */
		EE63D9D72C94E3D10046DECE /* PBXContainerItemProxy */ = {
			isa = PBXContainerItemProxy;
			containerPortal = EE63D9C92C94E3D10046DECE /* Project object */;
			proxyType = 1;
			remoteGlobalIDString = EE63D9D42C94E3D10046DECE;
			remoteInfo = "WatchTimeular Watch App";
		};
		EE6712632CA269780007CE0D /* PBXContainerItemProxy */ = {
			isa = PBXContainerItemProxy;
			containerPortal = EE63D9C92C94E3D10046DECE /* Project object */;
			proxyType = 1;
			remoteGlobalIDString = EE6712572CA269770007CE0D;
			remoteInfo = SharedDataModel;
		};
		EE6712652CA269780007CE0D /* PBXContainerItemProxy */ = {
			isa = PBXContainerItemProxy;
			containerPortal = EE63D9C92C94E3D10046DECE /* Project object */;
			proxyType = 1;
			remoteGlobalIDString = EE63D9D42C94E3D10046DECE;
			remoteInfo = "WatchTimeular Watch App";
		};
		EE67126B2CA269780007CE0D /* PBXContainerItemProxy */ = {
			isa = PBXContainerItemProxy;
			containerPortal = EE63D9C92C94E3D10046DECE /* Project object */;
			proxyType = 1;
			remoteGlobalIDString = EE6712572CA269770007CE0D;
			remoteInfo = SharedDataModel;
		};
		EEE055332CA21B490037410E /* PBXContainerItemProxy */ = {
			isa = PBXContainerItemProxy;
			containerPortal = EE63D9C92C94E3D10046DECE /* Project object */;
			proxyType = 1;
			remoteGlobalIDString = EEE055292CA21B470037410E;
			remoteInfo = WatchComplicationExtensionExtension;
		};
		EEE055412CA231030037410E /* PBXContainerItemProxy */ = {
			isa = PBXContainerItemProxy;
			containerPortal = EE63D9C92C94E3D10046DECE /* Project object */;
			proxyType = 1;
			remoteGlobalIDString = EEE055292CA21B470037410E;
			remoteInfo = WatchComplicationExtensionExtension;
		};
		EEE055442CA2310E0037410E /* PBXContainerItemProxy */ = {
			isa = PBXContainerItemProxy;
			containerPortal = EE63D9C92C94E3D10046DECE /* Project object */;
			proxyType = 1;
			remoteGlobalIDString = EEE055292CA21B470037410E;
			remoteInfo = WatchComplicationExtensionExtension;
		};
/* End PBXContainerItemProxy section */

/* Begin PBXCopyFilesBuildPhase section */
		EE63D9E82C94E3D30046DECE /* Embed Watch Content */ = {
			isa = PBXCopyFilesBuildPhase;
			buildActionMask = 2147483647;
			dstPath = "$(CONTENTS_FOLDER_PATH)/Watch";
			dstSubfolderSpec = 16;
			files = (
				EE63D9D62C94E3D10046DECE /* WatchTimeular Watch App.app in Embed Watch Content */,
			);
			name = "Embed Watch Content";
			runOnlyForDeploymentPostprocessing = 0;
		};
		EE6712732CA269780007CE0D /* Embed Frameworks */ = {
			isa = PBXCopyFilesBuildPhase;
			buildActionMask = 2147483647;
			dstPath = "";
			dstSubfolderSpec = 10;
			files = (
				EE67126E2CA269780007CE0D /* SharedDataModel.framework in Embed Frameworks */,
			);
			name = "Embed Frameworks";
			runOnlyForDeploymentPostprocessing = 0;
		};
		EEE055212CA1D7F00037410E /* Embed Foundation Extensions */ = {
			isa = PBXCopyFilesBuildPhase;
			buildActionMask = 2147483647;
			dstPath = "";
			dstSubfolderSpec = 13;
			files = (
				EEE055352CA21B490037410E /* WatchComplicationExtensionExtension.appex in Embed Foundation Extensions */,
			);
			name = "Embed Foundation Extensions";
			runOnlyForDeploymentPostprocessing = 0;
		};
		EEE055432CA231030037410E /* Embed Foundation Extensions */ = {
			isa = PBXCopyFilesBuildPhase;
			buildActionMask = 2147483647;
			dstPath = "";
			dstSubfolderSpec = 13;
			files = (
				EEE055402CA231030037410E /* WatchComplicationExtensionExtension.appex in Embed Foundation Extensions */,
			);
			name = "Embed Foundation Extensions";
			runOnlyForDeploymentPostprocessing = 0;
		};
/* End PBXCopyFilesBuildPhase section */

/* Begin PBXFileReference section */
		EE57EDB72C9A616C00454F00 /* ExtensionDelegate.swift */ = {isa = PBXFileReference; lastKnownFileType = sourcecode.swift; path = ExtensionDelegate.swift; sourceTree = "<group>"; };
		EE63D9CF2C94E3D10046DECE /* WatchTimeular.app */ = {isa = PBXFileReference; explicitFileType = wrapper.application; includeInIndex = 0; path = WatchTimeular.app; sourceTree = BUILT_PRODUCTS_DIR; };
		EE63D9D52C94E3D10046DECE /* WatchTimeular Watch App.app */ = {isa = PBXFileReference; explicitFileType = wrapper.application; includeInIndex = 0; path = "WatchTimeular Watch App.app"; sourceTree = BUILT_PRODUCTS_DIR; };
		EE63D9DA2C94E3D10046DECE /* WatchTimeularApp.swift */ = {isa = PBXFileReference; lastKnownFileType = sourcecode.swift; path = WatchTimeularApp.swift; sourceTree = "<group>"; };
		EE63D9DC2C94E3D10046DECE /* ContentView.swift */ = {isa = PBXFileReference; lastKnownFileType = sourcecode.swift; path = ContentView.swift; sourceTree = "<group>"; };
		EE63D9DE2C94E3D30046DECE /* Assets.xcassets */ = {isa = PBXFileReference; lastKnownFileType = folder.assetcatalog; path = Assets.xcassets; sourceTree = "<group>"; };
		EE63D9E12C94E3D30046DECE /* Preview Assets.xcassets */ = {isa = PBXFileReference; lastKnownFileType = folder.assetcatalog; path = "Preview Assets.xcassets"; sourceTree = "<group>"; };
		EE63D9EC2C9731490046DECE /* AuthViewModel.swift */ = {isa = PBXFileReference; lastKnownFileType = sourcecode.swift; path = AuthViewModel.swift; sourceTree = "<group>"; };
		EE63D9EE2C97BA240046DECE /* ActivityViewModel.swift */ = {isa = PBXFileReference; lastKnownFileType = sourcecode.swift; path = ActivityViewModel.swift; sourceTree = "<group>"; };
		EE63D9F02C97D6220046DECE /* TimeEntryViewModel.swift */ = {isa = PBXFileReference; lastKnownFileType = sourcecode.swift; path = TimeEntryViewModel.swift; sourceTree = "<group>"; };
		EE6712502CA234A10007CE0D /* WatchTimeular Watch AppDebug.entitlements */ = {isa = PBXFileReference; lastKnownFileType = text.plist.entitlements; path = "WatchTimeular Watch AppDebug.entitlements"; sourceTree = "<group>"; };
		EE6712582CA269770007CE0D /* SharedDataModel.framework */ = {isa = PBXFileReference; explicitFileType = wrapper.framework; includeInIndex = 0; path = SharedDataModel.framework; sourceTree = BUILT_PRODUCTS_DIR; };
		EE6712612CA269780007CE0D /* SharedDataModelTests.xctest */ = {isa = PBXFileReference; explicitFileType = wrapper.cfbundle; includeInIndex = 0; path = SharedDataModelTests.xctest; sourceTree = BUILT_PRODUCTS_DIR; };
		EE67127D2CA2F7F70007CE0D /* TimeTrackedManager.swift */ = {isa = PBXFileReference; lastKnownFileType = sourcecode.swift; path = TimeTrackedManager.swift; sourceTree = "<group>"; };
		EE6712852CA317DB0007CE0D /* WatchComplicationExtensionExtensionDebug.entitlements */ = {isa = PBXFileReference; lastKnownFileType = text.plist.entitlements; path = WatchComplicationExtensionExtensionDebug.entitlements; sourceTree = "<group>"; };
		EEE055142CA1D7ED0037410E /* WidgetKit.framework */ = {isa = PBXFileReference; lastKnownFileType = wrapper.framework; name = WidgetKit.framework; path = System/Library/Frameworks/WidgetKit.framework; sourceTree = SDKROOT; };
		EEE055162CA1D7ED0037410E /* SwiftUI.framework */ = {isa = PBXFileReference; lastKnownFileType = wrapper.framework; name = SwiftUI.framework; path = System/Library/Frameworks/SwiftUI.framework; sourceTree = SDKROOT; };
		EEE0552A2CA21B470037410E /* WatchComplicationExtensionExtension.appex */ = {isa = PBXFileReference; explicitFileType = "wrapper.app-extension"; includeInIndex = 0; path = WatchComplicationExtensionExtension.appex; sourceTree = BUILT_PRODUCTS_DIR; };
/* End PBXFileReference section */

/* Begin PBXFileSystemSynchronizedBuildFileExceptionSet section */
		EEE055362CA21B490037410E /* PBXFileSystemSynchronizedBuildFileExceptionSet */ = {
			isa = PBXFileSystemSynchronizedBuildFileExceptionSet;
			membershipExceptions = (
				Info.plist,
			);
			target = EEE055292CA21B470037410E /* WatchComplicationExtensionExtension */;
		};
/* End PBXFileSystemSynchronizedBuildFileExceptionSet section */

/* Begin PBXFileSystemSynchronizedRootGroup section */
		EEE0552D2CA21B470037410E /* WatchComplicationExtension */ = {isa = PBXFileSystemSynchronizedRootGroup; exceptions = (EEE055362CA21B490037410E /* PBXFileSystemSynchronizedBuildFileExceptionSet */, ); explicitFileTypes = {}; explicitFolders = (); path = WatchComplicationExtension; sourceTree = "<group>"; };
/* End PBXFileSystemSynchronizedRootGroup section */

/* Begin PBXFrameworksBuildPhase section */
		EE63D9D22C94E3D10046DECE /* Frameworks */ = {
			isa = PBXFrameworksBuildPhase;
			buildActionMask = 2147483647;
			files = (
				EE67126D2CA269780007CE0D /* SharedDataModel.framework in Frameworks */,
			);
			runOnlyForDeploymentPostprocessing = 0;
		};
		EE6712552CA269770007CE0D /* Frameworks */ = {
			isa = PBXFrameworksBuildPhase;
			buildActionMask = 2147483647;
			files = (
			);
			runOnlyForDeploymentPostprocessing = 0;
		};
		EE67125E2CA269780007CE0D /* Frameworks */ = {
			isa = PBXFrameworksBuildPhase;
			buildActionMask = 2147483647;
			files = (
				EE6712622CA269780007CE0D /* SharedDataModel.framework in Frameworks */,
			);
			runOnlyForDeploymentPostprocessing = 0;
		};
		EEE055272CA21B470037410E /* Frameworks */ = {
			isa = PBXFrameworksBuildPhase;
			buildActionMask = 2147483647;
			files = (
				EEE0553B2CA22FF20037410E /* SwiftUI.framework in Frameworks */,
				EEE0553E2CA22FF30037410E /* WidgetKit.framework in Frameworks */,
			);
			runOnlyForDeploymentPostprocessing = 0;
		};
/* End PBXFrameworksBuildPhase section */

/* Begin PBXGroup section */
		EE63D9C82C94E3D10046DECE = {
			isa = PBXGroup;
			children = (
				EE6712852CA317DB0007CE0D /* WatchComplicationExtensionExtensionDebug.entitlements */,
				EE63D9D92C94E3D10046DECE /* WatchTimeular Watch App */,
				EEE0552D2CA21B470037410E /* WatchComplicationExtension */,
				EEE055132CA1D7ED0037410E /* Frameworks */,
				EE63D9D02C94E3D10046DECE /* Products */,
			);
			sourceTree = "<group>";
		};
		EE63D9D02C94E3D10046DECE /* Products */ = {
			isa = PBXGroup;
			children = (
				EE63D9CF2C94E3D10046DECE /* WatchTimeular.app */,
				EE63D9D52C94E3D10046DECE /* WatchTimeular Watch App.app */,
				EEE0552A2CA21B470037410E /* WatchComplicationExtensionExtension.appex */,
				EE6712582CA269770007CE0D /* SharedDataModel.framework */,
				EE6712612CA269780007CE0D /* SharedDataModelTests.xctest */,
			);
			name = Products;
			sourceTree = "<group>";
		};
		EE63D9D92C94E3D10046DECE /* WatchTimeular Watch App */ = {
			isa = PBXGroup;
			children = (
				EE67127D2CA2F7F70007CE0D /* TimeTrackedManager.swift */,
				EE6712502CA234A10007CE0D /* WatchTimeular Watch AppDebug.entitlements */,
				EE57EDB72C9A616C00454F00 /* ExtensionDelegate.swift */,
				EE63D9DA2C94E3D10046DECE /* WatchTimeularApp.swift */,
				EE63D9DC2C94E3D10046DECE /* ContentView.swift */,
				EE63D9EC2C9731490046DECE /* AuthViewModel.swift */,
				EE63D9EE2C97BA240046DECE /* ActivityViewModel.swift */,
				EE63D9F02C97D6220046DECE /* TimeEntryViewModel.swift */,
				EE63D9DE2C94E3D30046DECE /* Assets.xcassets */,
				EE63D9E02C94E3D30046DECE /* Preview Content */,
			);
			path = "WatchTimeular Watch App";
			sourceTree = "<group>";
		};
		EE63D9E02C94E3D30046DECE /* Preview Content */ = {
			isa = PBXGroup;
			children = (
				EE63D9E12C94E3D30046DECE /* Preview Assets.xcassets */,
			);
			path = "Preview Content";
			sourceTree = "<group>";
		};
		EEE055132CA1D7ED0037410E /* Frameworks */ = {
			isa = PBXGroup;
			children = (
				EEE055142CA1D7ED0037410E /* WidgetKit.framework */,
				EEE055162CA1D7ED0037410E /* SwiftUI.framework */,
			);
			name = Frameworks;
			sourceTree = "<group>";
		};
/* End PBXGroup section */

/* Begin PBXHeadersBuildPhase section */
		EE6712532CA269770007CE0D /* Headers */ = {
			isa = PBXHeadersBuildPhase;
			buildActionMask = 2147483647;
			files = (
			);
			runOnlyForDeploymentPostprocessing = 0;
		};
/* End PBXHeadersBuildPhase section */

/* Begin PBXNativeTarget section */
		EE63D9CE2C94E3D10046DECE /* WatchTimeular */ = {
			isa = PBXNativeTarget;
			buildConfigurationList = EE63D9E92C94E3D30046DECE /* Build configuration list for PBXNativeTarget "WatchTimeular" */;
			buildPhases = (
				EE63D9CD2C94E3D10046DECE /* Resources */,
				EE63D9E82C94E3D30046DECE /* Embed Watch Content */,
				EEE055432CA231030037410E /* Embed Foundation Extensions */,
			);
			buildRules = (
			);
			dependencies = (
				EE63D9D82C94E3D10046DECE /* PBXTargetDependency */,
				EEE055422CA231030037410E /* PBXTargetDependency */,
				EEE055452CA2310E0037410E /* PBXTargetDependency */,
			);
			name = WatchTimeular;
			productName = WatchTimeular;
			productReference = EE63D9CF2C94E3D10046DECE /* WatchTimeular.app */;
			productType = "com.apple.product-type.application.watchapp2-container";
		};
		EE63D9D42C94E3D10046DECE /* WatchTimeular Watch App */ = {
			isa = PBXNativeTarget;
			buildConfigurationList = EE63D9E52C94E3D30046DECE /* Build configuration list for PBXNativeTarget "WatchTimeular Watch App" */;
			buildPhases = (
				EE63D9D12C94E3D10046DECE /* Sources */,
				EE63D9D22C94E3D10046DECE /* Frameworks */,
				EE63D9D32C94E3D10046DECE /* Resources */,
				EEE055212CA1D7F00037410E /* Embed Foundation Extensions */,
				EE6712732CA269780007CE0D /* Embed Frameworks */,
			);
			buildRules = (
			);
			dependencies = (
				EEE055342CA21B490037410E /* PBXTargetDependency */,
				EE67126C2CA269780007CE0D /* PBXTargetDependency */,
			);
			name = "WatchTimeular Watch App";
			productName = "WatchTimeular Watch App";
			productReference = EE63D9D52C94E3D10046DECE /* WatchTimeular Watch App.app */;
			productType = "com.apple.product-type.application";
		};
		EE6712572CA269770007CE0D /* SharedDataModel */ = {
			isa = PBXNativeTarget;
			buildConfigurationList = EE6712702CA269780007CE0D /* Build configuration list for PBXNativeTarget "SharedDataModel" */;
			buildPhases = (
				EE6712532CA269770007CE0D /* Headers */,
				EE6712542CA269770007CE0D /* Sources */,
				EE6712552CA269770007CE0D /* Frameworks */,
				EE6712562CA269770007CE0D /* Resources */,
			);
			buildRules = (
			);
			dependencies = (
			);
			name = SharedDataModel;
			packageProductDependencies = (
			);
			productName = SharedDataModel;
			productReference = EE6712582CA269770007CE0D /* SharedDataModel.framework */;
			productType = "com.apple.product-type.framework";
		};
		EE6712602CA269780007CE0D /* SharedDataModelTests */ = {
			isa = PBXNativeTarget;
			buildConfigurationList = EE6712742CA269780007CE0D /* Build configuration list for PBXNativeTarget "SharedDataModelTests" */;
			buildPhases = (
				EE67125D2CA269780007CE0D /* Sources */,
				EE67125E2CA269780007CE0D /* Frameworks */,
				EE67125F2CA269780007CE0D /* Resources */,
			);
			buildRules = (
			);
			dependencies = (
				EE6712642CA269780007CE0D /* PBXTargetDependency */,
				EE6712662CA269780007CE0D /* PBXTargetDependency */,
			);
			name = SharedDataModelTests;
			packageProductDependencies = (
			);
			productName = SharedDataModelTests;
			productReference = EE6712612CA269780007CE0D /* SharedDataModelTests.xctest */;
			productType = "com.apple.product-type.bundle.unit-test";
		};
		EEE055292CA21B470037410E /* WatchComplicationExtensionExtension */ = {
			isa = PBXNativeTarget;
			buildConfigurationList = EEE055372CA21B490037410E /* Build configuration list for PBXNativeTarget "WatchComplicationExtensionExtension" */;
			buildPhases = (
				EEE055262CA21B470037410E /* Sources */,
				EEE055272CA21B470037410E /* Frameworks */,
				EEE055282CA21B470037410E /* Resources */,
			);
			buildRules = (
			);
			dependencies = (
			);
			fileSystemSynchronizedGroups = (
				EEE0552D2CA21B470037410E /* WatchComplicationExtension */,
			);
			name = WatchComplicationExtensionExtension;
			packageProductDependencies = (
			);
			productName = WatchComplicationExtensionExtension;
			productReference = EEE0552A2CA21B470037410E /* WatchComplicationExtensionExtension.appex */;
			productType = "com.apple.product-type.app-extension";
		};
/* End PBXNativeTarget section */

/* Begin PBXProject section */
		EE63D9C92C94E3D10046DECE /* Project object */ = {
			isa = PBXProject;
			attributes = {
				BuildIndependentTargetsInParallel = 1;
				LastSwiftUpdateCheck = 1600;
				LastUpgradeCheck = 1600;
				TargetAttributes = {
					EE63D9CE2C94E3D10046DECE = {
						CreatedOnToolsVersion = 15.4;
					};
					EE63D9D42C94E3D10046DECE = {
						CreatedOnToolsVersion = 15.4;
					};
					EE6712572CA269770007CE0D = {
						CreatedOnToolsVersion = 16.0;
					};
					EE6712602CA269780007CE0D = {
						CreatedOnToolsVersion = 16.0;
						TestTargetID = EE63D9D42C94E3D10046DECE;
					};
					EEE055292CA21B470037410E = {
						CreatedOnToolsVersion = 16.0;
					};
				};
			};
			buildConfigurationList = EE63D9CC2C94E3D10046DECE /* Build configuration list for PBXProject "WatchTimeular" */;
			compatibilityVersion = "Xcode 14.0";
			developmentRegion = en;
			hasScannedForEncodings = 0;
			knownRegions = (
				en,
				Base,
			);
			mainGroup = EE63D9C82C94E3D10046DECE;
			productRefGroup = EE63D9D02C94E3D10046DECE /* Products */;
			projectDirPath = "";
			projectRoot = "";
			targets = (
				EE63D9CE2C94E3D10046DECE /* WatchTimeular */,
				EE63D9D42C94E3D10046DECE /* WatchTimeular Watch App */,
				EEE055292CA21B470037410E /* WatchComplicationExtensionExtension */,
				EE6712572CA269770007CE0D /* SharedDataModel */,
				EE6712602CA269780007CE0D /* SharedDataModelTests */,
			);
		};
/* End PBXProject section */

/* Begin PBXResourcesBuildPhase section */
		EE63D9CD2C94E3D10046DECE /* Resources */ = {
			isa = PBXResourcesBuildPhase;
			buildActionMask = 2147483647;
			files = (
			);
			runOnlyForDeploymentPostprocessing = 0;
		};
		EE63D9D32C94E3D10046DECE /* Resources */ = {
			isa = PBXResourcesBuildPhase;
			buildActionMask = 2147483647;
			files = (
				EE63D9E22C94E3D30046DECE /* Preview Assets.xcassets in Resources */,
				EE63D9DF2C94E3D30046DECE /* Assets.xcassets in Resources */,
			);
			runOnlyForDeploymentPostprocessing = 0;
		};
		EE6712562CA269770007CE0D /* Resources */ = {
			isa = PBXResourcesBuildPhase;
			buildActionMask = 2147483647;
			files = (
			);
			runOnlyForDeploymentPostprocessing = 0;
		};
		EE67125F2CA269780007CE0D /* Resources */ = {
			isa = PBXResourcesBuildPhase;
			buildActionMask = 2147483647;
			files = (
			);
			runOnlyForDeploymentPostprocessing = 0;
		};
		EEE055282CA21B470037410E /* Resources */ = {
			isa = PBXResourcesBuildPhase;
			buildActionMask = 2147483647;
			files = (
			);
			runOnlyForDeploymentPostprocessing = 0;
		};
/* End PBXResourcesBuildPhase section */

/* Begin PBXSourcesBuildPhase section */
		EE63D9D12C94E3D10046DECE /* Sources */ = {
			isa = PBXSourcesBuildPhase;
			buildActionMask = 2147483647;
			files = (
				EE67127E2CA2F7FB0007CE0D /* TimeTrackedManager.swift in Sources */,
				EE63D9F12C97D6220046DECE /* TimeEntryViewModel.swift in Sources */,
				EE63D9DD2C94E3D10046DECE /* ContentView.swift in Sources */,
				EE57EDB82C9A617300454F00 /* ExtensionDelegate.swift in Sources */,
				EE63D9DB2C94E3D10046DECE /* WatchTimeularApp.swift in Sources */,
				EE63D9ED2C9731490046DECE /* AuthViewModel.swift in Sources */,
				EE63D9EF2C97BA240046DECE /* ActivityViewModel.swift in Sources */,
			);
			runOnlyForDeploymentPostprocessing = 0;
		};
		EE6712542CA269770007CE0D /* Sources */ = {
			isa = PBXSourcesBuildPhase;
			buildActionMask = 2147483647;
			files = (
			);
			runOnlyForDeploymentPostprocessing = 0;
		};
		EE67125D2CA269780007CE0D /* Sources */ = {
			isa = PBXSourcesBuildPhase;
			buildActionMask = 2147483647;
			files = (
			);
			runOnlyForDeploymentPostprocessing = 0;
		};
		EEE055262CA21B470037410E /* Sources */ = {
			isa = PBXSourcesBuildPhase;
			buildActionMask = 2147483647;
			files = (
			);
			runOnlyForDeploymentPostprocessing = 0;
		};
/* End PBXSourcesBuildPhase section */

/* Begin PBXTargetDependency section */
		EE63D9D82C94E3D10046DECE /* PBXTargetDependency */ = {
			isa = PBXTargetDependency;
			target = EE63D9D42C94E3D10046DECE /* WatchTimeular Watch App */;
			targetProxy = EE63D9D72C94E3D10046DECE /* PBXContainerItemProxy */;
		};
		EE6712642CA269780007CE0D /* PBXTargetDependency */ = {
			isa = PBXTargetDependency;
			target = EE6712572CA269770007CE0D /* SharedDataModel */;
			targetProxy = EE6712632CA269780007CE0D /* PBXContainerItemProxy */;
		};
		EE6712662CA269780007CE0D /* PBXTargetDependency */ = {
			isa = PBXTargetDependency;
			target = EE63D9D42C94E3D10046DECE /* WatchTimeular Watch App */;
			targetProxy = EE6712652CA269780007CE0D /* PBXContainerItemProxy */;
		};
		EE67126C2CA269780007CE0D /* PBXTargetDependency */ = {
			isa = PBXTargetDependency;
			target = EE6712572CA269770007CE0D /* SharedDataModel */;
			targetProxy = EE67126B2CA269780007CE0D /* PBXContainerItemProxy */;
		};
		EEE055342CA21B490037410E /* PBXTargetDependency */ = {
			isa = PBXTargetDependency;
			target = EEE055292CA21B470037410E /* WatchComplicationExtensionExtension */;
			targetProxy = EEE055332CA21B490037410E /* PBXContainerItemProxy */;
		};
		EEE055422CA231030037410E /* PBXTargetDependency */ = {
			isa = PBXTargetDependency;
			target = EEE055292CA21B470037410E /* WatchComplicationExtensionExtension */;
			targetProxy = EEE055412CA231030037410E /* PBXContainerItemProxy */;
		};
		EEE055452CA2310E0037410E /* PBXTargetDependency */ = {
			isa = PBXTargetDependency;
			target = EEE055292CA21B470037410E /* WatchComplicationExtensionExtension */;
			targetProxy = EEE055442CA2310E0037410E /* PBXContainerItemProxy */;
		};
/* End PBXTargetDependency section */

/* Begin XCBuildConfiguration section */
		EE63D9E32C94E3D30046DECE /* Debug */ = {
			isa = XCBuildConfiguration;
			buildSettings = {
				ALWAYS_SEARCH_USER_PATHS = NO;
				ASSETCATALOG_COMPILER_GENERATE_SWIFT_ASSET_SYMBOL_EXTENSIONS = YES;
				CLANG_ANALYZER_NONNULL = YES;
				CLANG_ANALYZER_NUMBER_OBJECT_CONVERSION = YES_AGGRESSIVE;
				CLANG_CXX_LANGUAGE_STANDARD = "gnu++20";
				CLANG_ENABLE_MODULES = YES;
				CLANG_ENABLE_OBJC_ARC = YES;
				CLANG_ENABLE_OBJC_WEAK = YES;
				CLANG_WARN_BLOCK_CAPTURE_AUTORELEASING = YES;
				CLANG_WARN_BOOL_CONVERSION = YES;
				CLANG_WARN_COMMA = YES;
				CLANG_WARN_CONSTANT_CONVERSION = YES;
				CLANG_WARN_DEPRECATED_OBJC_IMPLEMENTATIONS = YES;
				CLANG_WARN_DIRECT_OBJC_ISA_USAGE = YES_ERROR;
				CLANG_WARN_DOCUMENTATION_COMMENTS = YES;
				CLANG_WARN_EMPTY_BODY = YES;
				CLANG_WARN_ENUM_CONVERSION = YES;
				CLANG_WARN_INFINITE_RECURSION = YES;
				CLANG_WARN_INT_CONVERSION = YES;
				CLANG_WARN_NON_LITERAL_NULL_CONVERSION = YES;
				CLANG_WARN_OBJC_IMPLICIT_RETAIN_SELF = YES;
				CLANG_WARN_OBJC_LITERAL_CONVERSION = YES;
				CLANG_WARN_OBJC_ROOT_CLASS = YES_ERROR;
				CLANG_WARN_QUOTED_INCLUDE_IN_FRAMEWORK_HEADER = YES;
				CLANG_WARN_RANGE_LOOP_ANALYSIS = YES;
				CLANG_WARN_STRICT_PROTOTYPES = YES;
				CLANG_WARN_SUSPICIOUS_MOVE = YES;
				CLANG_WARN_UNGUARDED_AVAILABILITY = YES_AGGRESSIVE;
				CLANG_WARN_UNREACHABLE_CODE = YES;
				CLANG_WARN__DUPLICATE_METHOD_MATCH = YES;
				COPY_PHASE_STRIP = NO;
				DEAD_CODE_STRIPPING = YES;
				DEBUG_INFORMATION_FORMAT = dwarf;
				ENABLE_STRICT_OBJC_MSGSEND = YES;
				ENABLE_TESTABILITY = YES;
				ENABLE_USER_SCRIPT_SANDBOXING = YES;
				GCC_C_LANGUAGE_STANDARD = gnu17;
				GCC_DYNAMIC_NO_PIC = NO;
				GCC_NO_COMMON_BLOCKS = YES;
				GCC_OPTIMIZATION_LEVEL = 0;
				GCC_PREPROCESSOR_DEFINITIONS = (
					"DEBUG=1",
					"$(inherited)",
				);
				GCC_WARN_64_TO_32_BIT_CONVERSION = YES;
				GCC_WARN_ABOUT_RETURN_TYPE = YES_ERROR;
				GCC_WARN_UNDECLARED_SELECTOR = YES;
				GCC_WARN_UNINITIALIZED_AUTOS = YES_AGGRESSIVE;
				GCC_WARN_UNUSED_FUNCTION = YES;
				GCC_WARN_UNUSED_VARIABLE = YES;
				LOCALIZATION_PREFERS_STRING_CATALOGS = YES;
				MTL_ENABLE_DEBUG_INFO = INCLUDE_SOURCE;
				MTL_FAST_MATH = YES;
				ONLY_ACTIVE_ARCH = YES;
				SWIFT_ACTIVE_COMPILATION_CONDITIONS = "DEBUG $(inherited)";
				SWIFT_OPTIMIZATION_LEVEL = "-Onone";
			};
			name = Debug;
		};
		EE63D9E42C94E3D30046DECE /* Release */ = {
			isa = XCBuildConfiguration;
			buildSettings = {
				ALWAYS_SEARCH_USER_PATHS = NO;
				ASSETCATALOG_COMPILER_GENERATE_SWIFT_ASSET_SYMBOL_EXTENSIONS = YES;
				CLANG_ANALYZER_NONNULL = YES;
				CLANG_ANALYZER_NUMBER_OBJECT_CONVERSION = YES_AGGRESSIVE;
				CLANG_CXX_LANGUAGE_STANDARD = "gnu++20";
				CLANG_ENABLE_MODULES = YES;
				CLANG_ENABLE_OBJC_ARC = YES;
				CLANG_ENABLE_OBJC_WEAK = YES;
				CLANG_WARN_BLOCK_CAPTURE_AUTORELEASING = YES;
				CLANG_WARN_BOOL_CONVERSION = YES;
				CLANG_WARN_COMMA = YES;
				CLANG_WARN_CONSTANT_CONVERSION = YES;
				CLANG_WARN_DEPRECATED_OBJC_IMPLEMENTATIONS = YES;
				CLANG_WARN_DIRECT_OBJC_ISA_USAGE = YES_ERROR;
				CLANG_WARN_DOCUMENTATION_COMMENTS = YES;
				CLANG_WARN_EMPTY_BODY = YES;
				CLANG_WARN_ENUM_CONVERSION = YES;
				CLANG_WARN_INFINITE_RECURSION = YES;
				CLANG_WARN_INT_CONVERSION = YES;
				CLANG_WARN_NON_LITERAL_NULL_CONVERSION = YES;
				CLANG_WARN_OBJC_IMPLICIT_RETAIN_SELF = YES;
				CLANG_WARN_OBJC_LITERAL_CONVERSION = YES;
				CLANG_WARN_OBJC_ROOT_CLASS = YES_ERROR;
				CLANG_WARN_QUOTED_INCLUDE_IN_FRAMEWORK_HEADER = YES;
				CLANG_WARN_RANGE_LOOP_ANALYSIS = YES;
				CLANG_WARN_STRICT_PROTOTYPES = YES;
				CLANG_WARN_SUSPICIOUS_MOVE = YES;
				CLANG_WARN_UNGUARDED_AVAILABILITY = YES_AGGRESSIVE;
				CLANG_WARN_UNREACHABLE_CODE = YES;
				CLANG_WARN__DUPLICATE_METHOD_MATCH = YES;
				COPY_PHASE_STRIP = NO;
				DEAD_CODE_STRIPPING = YES;
				DEBUG_INFORMATION_FORMAT = "dwarf-with-dsym";
				ENABLE_NS_ASSERTIONS = NO;
				ENABLE_STRICT_OBJC_MSGSEND = YES;
				ENABLE_USER_SCRIPT_SANDBOXING = YES;
				GCC_C_LANGUAGE_STANDARD = gnu17;
				GCC_NO_COMMON_BLOCKS = YES;
				GCC_WARN_64_TO_32_BIT_CONVERSION = YES;
				GCC_WARN_ABOUT_RETURN_TYPE = YES_ERROR;
				GCC_WARN_UNDECLARED_SELECTOR = YES;
				GCC_WARN_UNINITIALIZED_AUTOS = YES_AGGRESSIVE;
				GCC_WARN_UNUSED_FUNCTION = YES;
				GCC_WARN_UNUSED_VARIABLE = YES;
				LOCALIZATION_PREFERS_STRING_CATALOGS = YES;
				MTL_ENABLE_DEBUG_INFO = NO;
				MTL_FAST_MATH = YES;
				SWIFT_COMPILATION_MODE = wholemodule;
			};
			name = Release;
		};
		EE63D9E62C94E3D30046DECE /* Debug */ = {
			isa = XCBuildConfiguration;
			buildSettings = {
				ASSETCATALOG_COMPILER_APPICON_NAME = AppIcon;
				ASSETCATALOG_COMPILER_GLOBAL_ACCENT_COLOR_NAME = AccentColor;
				CODE_SIGN_ENTITLEMENTS = "WatchTimeular Watch App/WatchTimeular Watch AppDebug.entitlements";
				CODE_SIGN_STYLE = Automatic;
				CURRENT_PROJECT_VERSION = 1;
				DEVELOPMENT_ASSET_PATHS = "\"WatchTimeular Watch App/Preview Content\"";
				DEVELOPMENT_TEAM = 3W3YD4WPSM;
				ENABLE_PREVIEWS = YES;
				GENERATE_INFOPLIST_FILE = YES;
				INFOPLIST_KEY_CFBundleDisplayName = WatchTimeular;
				INFOPLIST_KEY_UISupportedInterfaceOrientations = "UIInterfaceOrientationPortrait UIInterfaceOrientationPortraitUpsideDown";
				INFOPLIST_KEY_WKWatchOnly = YES;
				LD_RUNPATH_SEARCH_PATHS = (
					"$(inherited)",
					"@executable_path/Frameworks",
				);
				MARKETING_VERSION = 1.0;
				PRODUCT_BUNDLE_IDENTIFIER = com.bakhruhk.WatchTimeular.watchkitapp;
				PRODUCT_NAME = "$(TARGET_NAME)";
				SDKROOT = watchos;
				SKIP_INSTALL = YES;
				SWIFT_EMIT_LOC_STRINGS = YES;
				SWIFT_VERSION = 5.0;
				TARGETED_DEVICE_FAMILY = 4;
				WATCHOS_DEPLOYMENT_TARGET = 10.5;
			};
			name = Debug;
		};
		EE63D9E72C94E3D30046DECE /* Release */ = {
			isa = XCBuildConfiguration;
			buildSettings = {
				ASSETCATALOG_COMPILER_APPICON_NAME = AppIcon;
				ASSETCATALOG_COMPILER_GLOBAL_ACCENT_COLOR_NAME = AccentColor;
				CODE_SIGN_STYLE = Automatic;
				CURRENT_PROJECT_VERSION = 1;
				DEVELOPMENT_ASSET_PATHS = "\"WatchTimeular Watch App/Preview Content\"";
				DEVELOPMENT_TEAM = 3W3YD4WPSM;
				ENABLE_PREVIEWS = YES;
				GENERATE_INFOPLIST_FILE = YES;
				INFOPLIST_KEY_CFBundleDisplayName = WatchTimeular;
				INFOPLIST_KEY_UISupportedInterfaceOrientations = "UIInterfaceOrientationPortrait UIInterfaceOrientationPortraitUpsideDown";
				INFOPLIST_KEY_WKWatchOnly = YES;
				LD_RUNPATH_SEARCH_PATHS = (
					"$(inherited)",
					"@executable_path/Frameworks",
				);
				MARKETING_VERSION = 1.0;
				PRODUCT_BUNDLE_IDENTIFIER = com.bakhruhk.WatchTimeular.watchkitapp;
				PRODUCT_NAME = "$(TARGET_NAME)";
				SDKROOT = watchos;
				SKIP_INSTALL = YES;
				SWIFT_EMIT_LOC_STRINGS = YES;
				SWIFT_VERSION = 5.0;
				TARGETED_DEVICE_FAMILY = 4;
				VALIDATE_PRODUCT = YES;
				WATCHOS_DEPLOYMENT_TARGET = 10.5;
			};
			name = Release;
		};
		EE63D9EA2C94E3D30046DECE /* Debug */ = {
			isa = XCBuildConfiguration;
			buildSettings = {
				CODE_SIGN_STYLE = Automatic;
				CURRENT_PROJECT_VERSION = 1;
				DEVELOPMENT_TEAM = 3W3YD4WPSM;
				INFOPLIST_KEY_CFBundleDisplayName = WatchTimeular;
				MARKETING_VERSION = 1.0;
				PRODUCT_BUNDLE_IDENTIFIER = com.bakhruhk.WatchTimeular;
				PRODUCT_NAME = "$(TARGET_NAME)";
				SDKROOT = iphoneos;
				SUPPORTED_PLATFORMS = "iphoneos iphonesimulator";
				SUPPORTS_MACCATALYST = NO;
				SWIFT_VERSION = 5.0;
				TARGETED_DEVICE_FAMILY = 1;
			};
			name = Debug;
		};
		EE63D9EB2C94E3D30046DECE /* Release */ = {
			isa = XCBuildConfiguration;
			buildSettings = {
				CODE_SIGN_STYLE = Automatic;
				CURRENT_PROJECT_VERSION = 1;
				DEVELOPMENT_TEAM = 3W3YD4WPSM;
				INFOPLIST_KEY_CFBundleDisplayName = WatchTimeular;
				MARKETING_VERSION = 1.0;
				PRODUCT_BUNDLE_IDENTIFIER = com.bakhruhk.WatchTimeular;
				PRODUCT_NAME = "$(TARGET_NAME)";
				SDKROOT = iphoneos;
				SUPPORTED_PLATFORMS = "iphoneos iphonesimulator";
				SUPPORTS_MACCATALYST = NO;
				SWIFT_VERSION = 5.0;
				TARGETED_DEVICE_FAMILY = 1;
				VALIDATE_PRODUCT = YES;
			};
			name = Release;
		};
		EE6712712CA269780007CE0D /* Debug */ = {
			isa = XCBuildConfiguration;
			buildSettings = {
				BUILD_LIBRARY_FOR_DISTRIBUTION = YES;
				CODE_SIGN_STYLE = Automatic;
				CURRENT_PROJECT_VERSION = 1;
				DEFINES_MODULE = YES;
				DEVELOPMENT_TEAM = 3W3YD4WPSM;
				DYLIB_COMPATIBILITY_VERSION = 1;
				DYLIB_CURRENT_VERSION = 1;
				DYLIB_INSTALL_NAME_BASE = "@rpath";
				ENABLE_MODULE_VERIFIER = YES;
				GENERATE_INFOPLIST_FILE = YES;
				INFOPLIST_KEY_NSHumanReadableCopyright = "";
				INSTALL_PATH = "$(LOCAL_LIBRARY_DIR)/Frameworks";
				LD_RUNPATH_SEARCH_PATHS = (
					"$(inherited)",
					"@executable_path/Frameworks",
					"@loader_path/Frameworks",
				);
				MARKETING_VERSION = 1.0;
				MODULE_VERIFIER_SUPPORTED_LANGUAGES = "objective-c objective-c++";
				MODULE_VERIFIER_SUPPORTED_LANGUAGE_STANDARDS = "gnu17 gnu++20";
				PRODUCT_BUNDLE_IDENTIFIER = com.bakhlabs.SharedDataModel;
				PRODUCT_NAME = "$(TARGET_NAME:c99extidentifier)";
				SDKROOT = watchos;
				SKIP_INSTALL = YES;
				SWIFT_EMIT_LOC_STRINGS = YES;
				SWIFT_INSTALL_OBJC_HEADER = NO;
				SWIFT_VERSION = 5.0;
				TARGETED_DEVICE_FAMILY = 4;
				VERSIONING_SYSTEM = "apple-generic";
				VERSION_INFO_PREFIX = "";
				WATCHOS_DEPLOYMENT_TARGET = 11.0;
			};
			name = Debug;
		};
		EE6712722CA269780007CE0D /* Release */ = {
			isa = XCBuildConfiguration;
			buildSettings = {
				BUILD_LIBRARY_FOR_DISTRIBUTION = YES;
				CODE_SIGN_STYLE = Automatic;
				CURRENT_PROJECT_VERSION = 1;
				DEFINES_MODULE = YES;
				DEVELOPMENT_TEAM = 3W3YD4WPSM;
				DYLIB_COMPATIBILITY_VERSION = 1;
				DYLIB_CURRENT_VERSION = 1;
				DYLIB_INSTALL_NAME_BASE = "@rpath";
				ENABLE_MODULE_VERIFIER = YES;
				GENERATE_INFOPLIST_FILE = YES;
				INFOPLIST_KEY_NSHumanReadableCopyright = "";
				INSTALL_PATH = "$(LOCAL_LIBRARY_DIR)/Frameworks";
				LD_RUNPATH_SEARCH_PATHS = (
					"$(inherited)",
					"@executable_path/Frameworks",
					"@loader_path/Frameworks",
				);
				MARKETING_VERSION = 1.0;
				MODULE_VERIFIER_SUPPORTED_LANGUAGES = "objective-c objective-c++";
				MODULE_VERIFIER_SUPPORTED_LANGUAGE_STANDARDS = "gnu17 gnu++20";
				PRODUCT_BUNDLE_IDENTIFIER = com.bakhlabs.SharedDataModel;
				PRODUCT_NAME = "$(TARGET_NAME:c99extidentifier)";
				SDKROOT = watchos;
				SKIP_INSTALL = YES;
				SWIFT_EMIT_LOC_STRINGS = YES;
				SWIFT_INSTALL_OBJC_HEADER = NO;
				SWIFT_VERSION = 5.0;
				TARGETED_DEVICE_FAMILY = 4;
				VALIDATE_PRODUCT = YES;
				VERSIONING_SYSTEM = "apple-generic";
				VERSION_INFO_PREFIX = "";
				WATCHOS_DEPLOYMENT_TARGET = 11.0;
			};
			name = Release;
		};
		EE6712752CA269780007CE0D /* Debug */ = {
			isa = XCBuildConfiguration;
			buildSettings = {
				CODE_SIGN_STYLE = Automatic;
				CURRENT_PROJECT_VERSION = 1;
				DEVELOPMENT_TEAM = 3W3YD4WPSM;
				GENERATE_INFOPLIST_FILE = YES;
				MARKETING_VERSION = 1.0;
				PRODUCT_BUNDLE_IDENTIFIER = com.bakhlabs.SharedDataModelTests;
				PRODUCT_NAME = "$(TARGET_NAME)";
				SDKROOT = watchos;
				SWIFT_EMIT_LOC_STRINGS = NO;
				SWIFT_VERSION = 5.0;
				TARGETED_DEVICE_FAMILY = 4;
				TEST_HOST = "$(BUILT_PRODUCTS_DIR)/WatchTimeular Watch App.app/$(BUNDLE_EXECUTABLE_FOLDER_PATH)/WatchTimeular Watch App";
				WATCHOS_DEPLOYMENT_TARGET = 11.0;
			};
			name = Debug;
		};
		EE6712762CA269780007CE0D /* Release */ = {
			isa = XCBuildConfiguration;
			buildSettings = {
				CODE_SIGN_STYLE = Automatic;
				CURRENT_PROJECT_VERSION = 1;
				DEVELOPMENT_TEAM = 3W3YD4WPSM;
				GENERATE_INFOPLIST_FILE = YES;
				MARKETING_VERSION = 1.0;
				PRODUCT_BUNDLE_IDENTIFIER = com.bakhlabs.SharedDataModelTests;
				PRODUCT_NAME = "$(TARGET_NAME)";
				SDKROOT = watchos;
				SWIFT_EMIT_LOC_STRINGS = NO;
				SWIFT_VERSION = 5.0;
				TARGETED_DEVICE_FAMILY = 4;
				TEST_HOST = "$(BUILT_PRODUCTS_DIR)/WatchTimeular Watch App.app/$(BUNDLE_EXECUTABLE_FOLDER_PATH)/WatchTimeular Watch App";
				VALIDATE_PRODUCT = YES;
				WATCHOS_DEPLOYMENT_TARGET = 11.0;
			};
			name = Release;
		};
		EEE055382CA21B490037410E /* Debug */ = {
			isa = XCBuildConfiguration;
			buildSettings = {
				ASSETCATALOG_COMPILER_GLOBAL_ACCENT_COLOR_NAME = AccentColor;
				ASSETCATALOG_COMPILER_WIDGET_BACKGROUND_COLOR_NAME = WidgetBackground;
				CODE_SIGN_ENTITLEMENTS = WatchComplicationExtensionExtensionDebug.entitlements;
				CODE_SIGN_STYLE = Automatic;
				CURRENT_PROJECT_VERSION = 1;
				DEVELOPMENT_TEAM = 3W3YD4WPSM;
				GENERATE_INFOPLIST_FILE = YES;
				INFOPLIST_FILE = WatchComplicationExtension/Info.plist;
				INFOPLIST_KEY_CFBundleDisplayName = WatchComplicationExtension;
				INFOPLIST_KEY_NSHumanReadableCopyright = "";
				LD_RUNPATH_SEARCH_PATHS = (
					"$(inherited)",
					"@executable_path/Frameworks",
					"@executable_path/../../Frameworks",
					"@executable_path/../../../../Frameworks",
				);
				MARKETING_VERSION = 1.0;
				PRODUCT_BUNDLE_IDENTIFIER = com.bakhruhk.WatchTimeular.watchkitapp.WatchComplicationExtension;
				PRODUCT_NAME = "$(TARGET_NAME)";
				SDKROOT = watchos;
				SKIP_INSTALL = YES;
				SWIFT_EMIT_LOC_STRINGS = YES;
				SWIFT_VERSION = 5.0;
				TARGETED_DEVICE_FAMILY = 4;
				WATCHOS_DEPLOYMENT_TARGET = 10.6;
			};
			name = Debug;
		};
		EEE055392CA21B490037410E /* Release */ = {
			isa = XCBuildConfiguration;
			buildSettings = {
				ASSETCATALOG_COMPILER_GLOBAL_ACCENT_COLOR_NAME = AccentColor;
				ASSETCATALOG_COMPILER_WIDGET_BACKGROUND_COLOR_NAME = WidgetBackground;
				CODE_SIGN_STYLE = Automatic;
				CURRENT_PROJECT_VERSION = 1;
				DEVELOPMENT_TEAM = 3W3YD4WPSM;
				GENERATE_INFOPLIST_FILE = YES;
				INFOPLIST_FILE = WatchComplicationExtension/Info.plist;
				INFOPLIST_KEY_CFBundleDisplayName = WatchComplicationExtension;
				INFOPLIST_KEY_NSHumanReadableCopyright = "";
				LD_RUNPATH_SEARCH_PATHS = (
					"$(inherited)",
					"@executable_path/Frameworks",
					"@executable_path/../../Frameworks",
					"@executable_path/../../../../Frameworks",
				);
				MARKETING_VERSION = 1.0;
				PRODUCT_BUNDLE_IDENTIFIER = com.bakhruhk.WatchTimeular.watchkitapp.WatchComplicationExtension;
				PRODUCT_NAME = "$(TARGET_NAME)";
				SDKROOT = watchos;
				SKIP_INSTALL = YES;
				SWIFT_EMIT_LOC_STRINGS = YES;
				SWIFT_VERSION = 5.0;
				TARGETED_DEVICE_FAMILY = 4;
				VALIDATE_PRODUCT = YES;
				WATCHOS_DEPLOYMENT_TARGET = 10.6;
			};
			name = Release;
		};
/* End XCBuildConfiguration section */

/* Begin XCConfigurationList section */
		EE63D9CC2C94E3D10046DECE /* Build configuration list for PBXProject "WatchTimeular" */ = {
			isa = XCConfigurationList;
			buildConfigurations = (
				EE63D9E32C94E3D30046DECE /* Debug */,
				EE63D9E42C94E3D30046DECE /* Release */,
			);
			defaultConfigurationIsVisible = 0;
			defaultConfigurationName = Release;
		};
		EE63D9E52C94E3D30046DECE /* Build configuration list for PBXNativeTarget "WatchTimeular Watch App" */ = {
			isa = XCConfigurationList;
			buildConfigurations = (
				EE63D9E62C94E3D30046DECE /* Debug */,
				EE63D9E72C94E3D30046DECE /* Release */,
			);
			defaultConfigurationIsVisible = 0;
			defaultConfigurationName = Release;
		};
		EE63D9E92C94E3D30046DECE /* Build configuration list for PBXNativeTarget "WatchTimeular" */ = {
			isa = XCConfigurationList;
			buildConfigurations = (
				EE63D9EA2C94E3D30046DECE /* Debug */,
				EE63D9EB2C94E3D30046DECE /* Release */,
			);
			defaultConfigurationIsVisible = 0;
			defaultConfigurationName = Release;
		};
		EE6712702CA269780007CE0D /* Build configuration list for PBXNativeTarget "SharedDataModel" */ = {
			isa = XCConfigurationList;
			buildConfigurations = (
				EE6712712CA269780007CE0D /* Debug */,
				EE6712722CA269780007CE0D /* Release */,
			);
			defaultConfigurationIsVisible = 0;
			defaultConfigurationName = Release;
		};
		EE6712742CA269780007CE0D /* Build configuration list for PBXNativeTarget "SharedDataModelTests" */ = {
			isa = XCConfigurationList;
			buildConfigurations = (
				EE6712752CA269780007CE0D /* Debug */,
				EE6712762CA269780007CE0D /* Release */,
			);
			defaultConfigurationIsVisible = 0;
			defaultConfigurationName = Release;
		};
		EEE055372CA21B490037410E /* Build configuration list for PBXNativeTarget "WatchComplicationExtensionExtension" */ = {
			isa = XCConfigurationList;
			buildConfigurations = (
				EEE055382CA21B490037410E /* Debug */,
				EEE055392CA21B490037410E /* Release */,
			);
			defaultConfigurationIsVisible = 0;
			defaultConfigurationName = Release;
		};
/* End XCConfigurationList section */
	};
	rootObject = EE63D9C92C94E3D10046DECE /* Project object */;
}
